
Microsoft Visual Studio Solution File, Format Version 12.00
# Visual Studio Version 16
VisualStudioVersion = 16.0.30804.86
MinimumVisualStudioVersion = 10.0.40219.1
Project("{FAE04EC0-301F-11D3-BF4B-00C04F79EFBC}") = "CadastroWebMETAEnterprise", "CadastroWebMETAEnterprise\CadastroWebMETAEnterprise.csproj", "{DEFC1B3F-5F6C-4583-848D-54A88461727E}"
EndProject
Global
	GlobalSection(SolutionConfigurationPlatforms) = preSolution
		Debug|Any CPU = Debug|Any CPU
		Release|Any CPU = Release|Any CPU
	EndGlobalSection
	GlobalSection(ProjectConfigurationPlatforms) = postSolution
		{DEFC1B3F-5F6C-4583-848D-54A88461727E}.Debug|Any CPU.ActiveCfg = Debug|Any CPU
		{DEFC1B3F-5F6C-4583-848D-54A88461727E}.Debug|Any CPU.Build.0 = Debug|Any CPU
		{DEFC1B3F-5F6C-4583-848D-54A88461727E}.Release|Any CPU.ActiveCfg = Release|Any CPU
		{DEFC1B3F-5F6C-4583-848D-54A88461727E}.Release|Any CPU.Build.0 = Release|Any CPU
	EndGlobalSection
	GlobalSection(SolutionProperties) = preSolution
		HideSolutionNode = FALSE
	EndGlobalSection
	GlobalSection(ExtensibilityGlobals) = postSolution
		SolutionGuid = {C5340132-13B7-45AA-891D-2FE4ABB77F1B}
	EndGlobalSection
EndGlobal
